PODS:
  - Alamofire (5.2.1)
  - SendBirdSDK (3.0.185)
  - VirgilCrypto (5.5.0):
    - VirgilCryptoFoundation (= 0.15.2)
  - VirgilCryptoFoundation (0.15.2):
    - VSCCrypto/Common (= 0.15.2)
    - VSCCrypto/Foundation (= 0.15.2)
  - VirgilCryptoPythia (0.15.2):
    - VirgilCryptoFoundation (= 0.15.2)
    - VSCCrypto/Common (= 0.15.2)
    - VSCCrypto/Foundation (= 0.15.2)
    - VSCCrypto/Pythia (= 0.15.2)
  - VirgilCryptoRatchet (0.15.2):
    - VirgilCryptoFoundation (= 0.15.2)
    - VSCCrypto/Common (= 0.15.2)
    - VSCCrypto/Foundation (= 0.15.2)
    - VSCCrypto/Ratchet (= 0.15.2)
  - VirgilE3Kit (2.1.1):
    - VirgilSDKPythia (~> 0.9.1)
    - VirgilSDKRatchet (~> 0.7.0)
  - VirgilSDK (7.2.1):
    - VirgilCrypto (~> 5.5)
  - VirgilSDKPythia (0.9.1):
    - VirgilCryptoPythia (~> 0.15.2)
    - VirgilSDK (~> 7.2.1)
  - VirgilSDKRatchet (0.7.0):
    - VirgilCryptoRatchet (~> 0.15.2)
    - VirgilSDK (~> 7.2)
  - VSCCrypto/Common (0.15.2)
  - VSCCrypto/Foundation (0.15.2)
  - VSCCrypto/Pythia (0.15.2)
  - VSCCrypto/Ratchet (0.15.2)

DEPENDENCIES:
  - Alamofire (~> 5.2)
  - SendBirdSDK
  - VirgilCrypto
  - VirgilE3Kit
  - VirgilSDK (~> 7.2)

SPEC REPOS:
  trunk:
    - Alamofire
    - SendBirdSDK
    - VirgilCrypto
    - VirgilCryptoFoundation
    - VirgilCryptoPythia
    - VirgilCryptoRatchet
    - VirgilE3Kit
    - VirgilSDK
    - VirgilSDKPythia
    - VirgilSDKRatchet
    - VSCCrypto

SPEC CHECKSUMS:
  Alamofire: e911732990610fe89af59ac0077f923d72dc3dfd
  SendBirdSDK: 9726a20819b0e09991571061bf69ebdaaccf8706
  VirgilCrypto: 48116c3abee03662dbae40d0957df5160c2a7128
  VirgilCryptoFoundation: a804f11b826cefed157d7ef3d99f897e811cd971
  VirgilCryptoPythia: 794e30acc757038e7fa9dfec46dcf73ef09363ff
  VirgilCryptoRatchet: 09331bfbb7f93002a18f82cb6aa3b5fa6b801d9b
  VirgilE3Kit: 11331f7461ae181a08082b77c49df884fad44b85
  VirgilSDK: 6ac72d992d329bf4a30020850a2df6880d06592d
  VirgilSDKPythia: 7c431d8bf85805c9b0f1fb8cb56058c1f6df59ed
  VirgilSDKRatchet: d2f820c431cb3fa237351f558f7c0159c1bb0dea
  VSCCrypto: 6cb5595d080b0a343819f44524f41df8587dab6c

PODFILE CHECKSUM: 7313af7d6cc5ee97f07e280118c6979b887fddf0

COCOAPODS: 1.8.4
